// !$*UTF8*$!
{
	archiveVersion = 1;
	classes = {
	};
	objectVersion = 50;
	objects = {

/* Begin PBXBuildFile section */
		FA00293623EDF561001194E3 /* NSColorPanel.swift in Sources */ = {isa = PBXBuildFile; fileRef = FA00293523EDF561001194E3 /* NSColorPanel.swift */; };
		FA2C807223F0C753009BFA34 /* Element.swift in Sources */ = {isa = PBXBuildFile; fileRef = FA2C806D23F0C753009BFA34 /* Element.swift */; };
		FA2C807323F0C753009BFA34 /* Error.swift in Sources */ = {isa = PBXBuildFile; fileRef = FA2C806E23F0C753009BFA34 /* Error.swift */; };
		FA2C807423F0C753009BFA34 /* Parser.swift in Sources */ = {isa = PBXBuildFile; fileRef = FA2C806F23F0C753009BFA34 /* Parser.swift */; };
		FA2C807523F0C753009BFA34 /* Options.swift in Sources */ = {isa = PBXBuildFile; fileRef = FA2C807023F0C753009BFA34 /* Options.swift */; };
		FA2C807623F0C753009BFA34 /* Document.swift in Sources */ = {isa = PBXBuildFile; fileRef = FA2C807123F0C753009BFA34 /* Document.swift */; };
		FA2C807823F0D269009BFA34 /* NSColor.swift in Sources */ = {isa = PBXBuildFile; fileRef = FA2C807723F0D269009BFA34 /* NSColor.swift */; };
		FA2C807A23F0E387009BFA34 /* String.swift in Sources */ = {isa = PBXBuildFile; fileRef = FA2C807923F0E387009BFA34 /* String.swift */; };
		FA2C80A823F11541009BFA34 /* Notification.swift in Sources */ = {isa = PBXBuildFile; fileRef = FA2C80A723F11541009BFA34 /* Notification.swift */; };
		FA2D448C23EB81E000CCD009 /* AppDelegate.swift in Sources */ = {isa = PBXBuildFile; fileRef = FA2D448B23EB81E000CCD009 /* AppDelegate.swift */; };
		FA2D449023EB81E000CCD009 /* Assets.xcassets in Resources */ = {isa = PBXBuildFile; fileRef = FA2D448F23EB81E000CCD009 /* Assets.xcassets */; };
		FA2D449323EB81E000CCD009 /* Main.storyboard in Resources */ = {isa = PBXBuildFile; fileRef = FA2D449123EB81E000CCD009 /* Main.storyboard */; };
		FA2D449F23EB81E000CCD009 /* photoboothTests.swift in Sources */ = {isa = PBXBuildFile; fileRef = FA2D449E23EB81E000CCD009 /* photoboothTests.swift */; };
		FA2D44AD23EB823300CCD009 /* NSImage.swift in Sources */ = {isa = PBXBuildFile; fileRef = FA2D44A923EB823300CCD009 /* NSImage.swift */; };
		FA2D44AE23EB823300CCD009 /* NSImage.swift in Sources */ = {isa = PBXBuildFile; fileRef = FA2D44A923EB823300CCD009 /* NSImage.swift */; };
		FA2D44AF23EB823300CCD009 /* ImageEditorView.swift in Sources */ = {isa = PBXBuildFile; fileRef = FA2D44AA23EB823300CCD009 /* ImageEditorView.swift */; };
		FA2D44B023EB823300CCD009 /* ImageEditorView.swift in Sources */ = {isa = PBXBuildFile; fileRef = FA2D44AA23EB823300CCD009 /* ImageEditorView.swift */; };
		FA2D44B123EB823300CCD009 /* CameraToolBar.swift in Sources */ = {isa = PBXBuildFile; fileRef = FA2D44AB23EB823300CCD009 /* CameraToolBar.swift */; };
		FA2D44B223EB823300CCD009 /* CameraToolBar.swift in Sources */ = {isa = PBXBuildFile; fileRef = FA2D44AB23EB823300CCD009 /* CameraToolBar.swift */; };
		FA2D44B323EB823300CCD009 /* CameraPreview.swift in Sources */ = {isa = PBXBuildFile; fileRef = FA2D44AC23EB823300CCD009 /* CameraPreview.swift */; };
		FA2D44B423EB823300CCD009 /* CameraPreview.swift in Sources */ = {isa = PBXBuildFile; fileRef = FA2D44AC23EB823300CCD009 /* CameraPreview.swift */; };
		FA2D44B623EBB61900CCD009 /* NSAlert.swift in Sources */ = {isa = PBXBuildFile; fileRef = FA2D44B523EBB61900CCD009 /* NSAlert.swift */; };
		FA2D44B723EBB61900CCD009 /* NSAlert.swift in Sources */ = {isa = PBXBuildFile; fileRef = FA2D44B523EBB61900CCD009 /* NSAlert.swift */; };
		FA2D44BC23EBC8AF00CCD009 /* MainViewController.swift in Sources */ = {isa = PBXBuildFile; fileRef = FA2D44BB23EBC8AF00CCD009 /* MainViewController.swift */; };
		FA2D44BE23EBC8D500CCD009 /* MainViewController+CameraPreviewDelegate.swift in Sources */ = {isa = PBXBuildFile; fileRef = FA2D44BD23EBC8D500CCD009 /* MainViewController+CameraPreviewDelegate.swift */; };
		FA2D44C023EBC91400CCD009 /* MainViewController+CameraToolBarDelegate.swift in Sources */ = {isa = PBXBuildFile; fileRef = FA2D44BF23EBC91400CCD009 /* MainViewController+CameraToolBarDelegate.swift */; };
		FAB808A123EFB12200977FD8 /* Data.swift in Sources */ = {isa = PBXBuildFile; fileRef = FAB808A023EFB12200977FD8 /* Data.swift */; };
		FAB808A523EFEA6700977FD8 /* PencilData.swift in Sources */ = {isa = PBXBuildFile; fileRef = FAB808A423EFEA6700977FD8 /* PencilData.swift */; };
		FAB808A723EFEC9C00977FD8 /* PhotoBoothFile.swift in Sources */ = {isa = PBXBuildFile; fileRef = FAB808A623EFEC9C00977FD8 /* PhotoBoothFile.swift */; };
		FAB808A923F0952200977FD8 /* fileIcon.png in Resources */ = {isa = PBXBuildFile; fileRef = FAB808A823F0952200977FD8 /* fileIcon.png */; };
		FABC70F723EE309C007E3DB0 /* MediaManager.swift in Sources */ = {isa = PBXBuildFile; fileRef = FABC70F623EE309C007E3DB0 /* MediaManager.swift */; };
		FAD50B0D23ED186B00C304F2 /* Canvas.swift in Sources */ = {isa = PBXBuildFile; fileRef = FAD50B0C23ED186B00C304F2 /* Canvas.swift */; };
		FAD50B1023ED268600C304F2 /* Line.swift in Sources */ = {isa = PBXBuildFile; fileRef = FAD50B0F23ED268600C304F2 /* Line.swift */; };
		FAD50B1223ED688700C304F2 /* NSEvent.swift in Sources */ = {isa = PBXBuildFile; fileRef = FAD50B1123ED688700C304F2 /* NSEvent.swift */; };
/* End PBXBuildFile section */

/* Begin PBXContainerItemProxy section */
		FA2D449B23EB81E000CCD009 /* PBXContainerItemProxy */ = {
			isa = PBXContainerItemProxy;
			containerPortal = FA2D448023EB81E000CCD009 /* Project object */;
			proxyType = 1;
			remoteGlobalIDString = FA2D448723EB81E000CCD009;
			remoteInfo = photobooth;
		};
/* End PBXContainerItemProxy section */

/* Begin PBXFileReference section */
		FA00293523EDF561001194E3 /* NSColorPanel.swift */ = {isa = PBXFileReference; lastKnownFileType = sourcecode.swift; path = NSColorPanel.swift; sourceTree = "<group>"; };
		FA2C806D23F0C753009BFA34 /* Element.swift */ = {isa = PBXFileReference; fileEncoding = 4; lastKnownFileType = sourcecode.swift; path = Element.swift; sourceTree = "<group>"; };
		FA2C806E23F0C753009BFA34 /* Error.swift */ = {isa = PBXFileReference; fileEncoding = 4; lastKnownFileType = sourcecode.swift; path = Error.swift; sourceTree = "<group>"; };
		FA2C806F23F0C753009BFA34 /* Parser.swift */ = {isa = PBXFileReference; fileEncoding = 4; lastKnownFileType = sourcecode.swift; path = Parser.swift; sourceTree = "<group>"; };
		FA2C807023F0C753009BFA34 /* Options.swift */ = {isa = PBXFileReference; fileEncoding = 4; lastKnownFileType = sourcecode.swift; path = Options.swift; sourceTree = "<group>"; };
		FA2C807123F0C753009BFA34 /* Document.swift */ = {isa = PBXFileReference; fileEncoding = 4; lastKnownFileType = sourcecode.swift; path = Document.swift; sourceTree = "<group>"; };
		FA2C807723F0D269009BFA34 /* NSColor.swift */ = {isa = PBXFileReference; lastKnownFileType = sourcecode.swift; path = NSColor.swift; sourceTree = "<group>"; };
		FA2C807923F0E387009BFA34 /* String.swift */ = {isa = PBXFileReference; lastKnownFileType = sourcecode.swift; path = String.swift; sourceTree = "<group>"; };
		FA2C80A723F11541009BFA34 /* Notification.swift */ = {isa = PBXFileReference; lastKnownFileType = sourcecode.swift; path = Notification.swift; sourceTree = "<group>"; };
		FA2D448823EB81E000CCD009 /* photobooth.app */ = {isa = PBXFileReference; explicitFileType = wrapper.application; includeInIndex = 0; path = photobooth.app; sourceTree = BUILT_PRODUCTS_DIR; };
		FA2D448B23EB81E000CCD009 /* AppDelegate.swift */ = {isa = PBXFileReference; lastKnownFileType = sourcecode.swift; path = AppDelegate.swift; sourceTree = "<group>"; };
		FA2D448F23EB81E000CCD009 /* Assets.xcassets */ = {isa = PBXFileReference; lastKnownFileType = folder.assetcatalog; path = Assets.xcassets; sourceTree = "<group>"; };
		FA2D449223EB81E000CCD009 /* Base */ = {isa = PBXFileReference; lastKnownFileType = file.storyboard; name = Base; path = Base.lproj/Main.storyboard; sourceTree = "<group>"; };
		FA2D449423EB81E000CCD009 /* Info.plist */ = {isa = PBXFileReference; lastKnownFileType = text.plist.xml; path = Info.plist; sourceTree = "<group>"; };
		FA2D449523EB81E000CCD009 /* photobooth.entitlements */ = {isa = PBXFileReference; lastKnownFileType = text.plist.entitlements; path = photobooth.entitlements; sourceTree = "<group>"; };
		FA2D449A23EB81E000CCD009 /* photoboothTests.xctest */ = {isa = PBXFileReference; explicitFileType = wrapper.cfbundle; includeInIndex = 0; path = photoboothTests.xctest; sourceTree = BUILT_PRODUCTS_DIR; };
		FA2D449E23EB81E000CCD009 /* photoboothTests.swift */ = {isa = PBXFileReference; lastKnownFileType = sourcecode.swift; path = photoboothTests.swift; sourceTree = "<group>"; };
		FA2D44A023EB81E000CCD009 /* Info.plist */ = {isa = PBXFileReference; lastKnownFileType = text.plist.xml; path = Info.plist; sourceTree = "<group>"; };
		FA2D44A923EB823300CCD009 /* NSImage.swift */ = {isa = PBXFileReference; fileEncoding = 4; lastKnownFileType = sourcecode.swift; path = NSImage.swift; sourceTree = "<group>"; };
		FA2D44AA23EB823300CCD009 /* ImageEditorView.swift */ = {isa = PBXFileReference; fileEncoding = 4; lastKnownFileType = sourcecode.swift; path = ImageEditorView.swift; sourceTree = "<group>"; };
		FA2D44AB23EB823300CCD009 /* CameraToolBar.swift */ = {isa = PBXFileReference; fileEncoding = 4; lastKnownFileType = sourcecode.swift; path = CameraToolBar.swift; sourceTree = "<group>"; };
		FA2D44AC23EB823300CCD009 /* CameraPreview.swift */ = {isa = PBXFileReference; fileEncoding = 4; lastKnownFileType = sourcecode.swift; path = CameraPreview.swift; sourceTree = "<group>"; };
		FA2D44B523EBB61900CCD009 /* NSAlert.swift */ = {isa = PBXFileReference; lastKnownFileType = sourcecode.swift; path = NSAlert.swift; sourceTree = "<group>"; };
		FA2D44BB23EBC8AF00CCD009 /* MainViewController.swift */ = {isa = PBXFileReference; lastKnownFileType = sourcecode.swift; path = MainViewController.swift; sourceTree = "<group>"; };
		FA2D44BD23EBC8D500CCD009 /* MainViewController+CameraPreviewDelegate.swift */ = {isa = PBXFileReference; lastKnownFileType = sourcecode.swift; path = "MainViewController+CameraPreviewDelegate.swift"; sourceTree = "<group>"; };
		FA2D44BF23EBC91400CCD009 /* MainViewController+CameraToolBarDelegate.swift */ = {isa = PBXFileReference; lastKnownFileType = sourcecode.swift; path = "MainViewController+CameraToolBarDelegate.swift"; sourceTree = "<group>"; };
		FAB808A023EFB12200977FD8 /* Data.swift */ = {isa = PBXFileReference; lastKnownFileType = sourcecode.swift; path = Data.swift; sourceTree = "<group>"; };
		FAB808A423EFEA6700977FD8 /* PencilData.swift */ = {isa = PBXFileReference; lastKnownFileType = sourcecode.swift; path = PencilData.swift; sourceTree = "<group>"; };
		FAB808A623EFEC9C00977FD8 /* PhotoBoothFile.swift */ = {isa = PBXFileReference; lastKnownFileType = sourcecode.swift; path = PhotoBoothFile.swift; sourceTree = "<group>"; };
		FAB808A823F0952200977FD8 /* fileIcon.png */ = {isa = PBXFileReference; lastKnownFileType = image.png; path = fileIcon.png; sourceTree = "<group>"; };
		FABC70F623EE309C007E3DB0 /* MediaManager.swift */ = {isa = PBXFileReference; lastKnownFileType = sourcecode.swift; path = MediaManager.swift; sourceTree = "<group>"; };
		FAD50B0C23ED186B00C304F2 /* Canvas.swift */ = {isa = PBXFileReference; lastKnownFileType = sourcecode.swift; path = Canvas.swift; sourceTree = "<group>"; };
		FAD50B0F23ED268600C304F2 /* Line.swift */ = {isa = PBXFileReference; lastKnownFileType = sourcecode.swift; path = Line.swift; sourceTree = "<group>"; };
		FAD50B1123ED688700C304F2 /* NSEvent.swift */ = {isa = PBXFileReference; lastKnownFileType = sourcecode.swift; path = NSEvent.swift; sourceTree = "<group>"; };
/* End PBXFileReference section */

/* Begin PBXFrameworksBuildPhase section */
		FA2D448523EB81E000CCD009 /* Frameworks */ = {
			isa = PBXFrameworksBuildPhase;
			buildActionMask = 2147483647;
			files = (
			);
			runOnlyForDeploymentPostprocessing = 0;
		};
		FA2D449723EB81E000CCD009 /* Frameworks */ = {
			isa = PBXFrameworksBuildPhase;
			buildActionMask = 2147483647;
			files = (
			);
			runOnlyForDeploymentPostprocessing = 0;
		};
/* End PBXFrameworksBuildPhase section */

/* Begin PBXGroup section */
		FA2D447F23EB81E000CCD009 = {
			isa = PBXGroup;
			children = (
				FA2D448A23EB81E000CCD009 /* photobooth */,
				FA2D449D23EB81E000CCD009 /* photoboothTests */,
				FA2D448923EB81E000CCD009 /* Products */,
			);
			sourceTree = "<group>";
		};
		FA2D448923EB81E000CCD009 /* Products */ = {
			isa = PBXGroup;
			children = (
				FA2D448823EB81E000CCD009 /* photobooth.app */,
				FA2D449A23EB81E000CCD009 /* photoboothTests.xctest */,
			);
			name = Products;
			sourceTree = "<group>";
		};
		FA2D448A23EB81E000CCD009 /* photobooth */ = {
			isa = PBXGroup;
			children = (
				FA2D44B923EBB69C00CCD009 /* CustomComponents */,
				FA2D44B823EBB69300CCD009 /* Extensions */,
				FAB808AC23F0BD6300977FD8 /* Helpers */,
				FABC70F523EE308E007E3DB0 /* Managers */,
				FAD50B0E23ED266C00C304F2 /* Models */,
				FAB808AA23F0952A00977FD8 /* Resources */,
				FA2D44BA23EBB6B000CCD009 /* ViewControllers */,
				FA2D448B23EB81E000CCD009 /* AppDelegate.swift */,
				FA2D449123EB81E000CCD009 /* Main.storyboard */,
				FA2D449423EB81E000CCD009 /* Info.plist */,
				FA2D449523EB81E000CCD009 /* photobooth.entitlements */,
			);
			path = photobooth;
			sourceTree = "<group>";
		};
		FA2D449D23EB81E000CCD009 /* photoboothTests */ = {
			isa = PBXGroup;
			children = (
				FA2D449E23EB81E000CCD009 /* photoboothTests.swift */,
				FA2D44A023EB81E000CCD009 /* Info.plist */,
			);
			path = photoboothTests;
			sourceTree = "<group>";
		};
		FA2D44B823EBB69300CCD009 /* Extensions */ = {
			isa = PBXGroup;
			children = (
				FAB808A023EFB12200977FD8 /* Data.swift */,
				FA2C80A723F11541009BFA34 /* Notification.swift */,
				FA2D44A923EB823300CCD009 /* NSImage.swift */,
				FA2D44B523EBB61900CCD009 /* NSAlert.swift */,
				FAD50B1123ED688700C304F2 /* NSEvent.swift */,
				FA2C807723F0D269009BFA34 /* NSColor.swift */,
				FA00293523EDF561001194E3 /* NSColorPanel.swift */,
				FA2C807923F0E387009BFA34 /* String.swift */,
			);
			path = Extensions;
			sourceTree = "<group>";
		};
		FA2D44B923EBB69C00CCD009 /* CustomComponents */ = {
			isa = PBXGroup;
			children = (
				FA2D44AC23EB823300CCD009 /* CameraPreview.swift */,
				FA2D44AB23EB823300CCD009 /* CameraToolBar.swift */,
				FAD50B0C23ED186B00C304F2 /* Canvas.swift */,
				FA2D44AA23EB823300CCD009 /* ImageEditorView.swift */,
			);
			path = CustomComponents;
			sourceTree = "<group>";
		};
		FA2D44BA23EBB6B000CCD009 /* ViewControllers */ = {
			isa = PBXGroup;
			children = (
				FA2D44BB23EBC8AF00CCD009 /* MainViewController.swift */,
				FA2D44BD23EBC8D500CCD009 /* MainViewController+CameraPreviewDelegate.swift */,
				FA2D44BF23EBC91400CCD009 /* MainViewController+CameraToolBarDelegate.swift */,
			);
			path = ViewControllers;
			sourceTree = "<group>";
		};
		FAB808AA23F0952A00977FD8 /* Resources */ = {
			isa = PBXGroup;
			children = (
				FA2D448F23EB81E000CCD009 /* Assets.xcassets */,
				FAB808A823F0952200977FD8 /* fileIcon.png */,
			);
			path = Resources;
			sourceTree = "<group>";
		};
		FAB808AC23F0BD6300977FD8 /* Helpers */ = {
			isa = PBXGroup;
			children = (
				FAB808AD23F0BD6C00977FD8 /* XMLParser */,
			);
			path = Helpers;
			sourceTree = "<group>";
		};
		FAB808AD23F0BD6C00977FD8 /* XMLParser */ = {
			isa = PBXGroup;
			children = (
				FA2C807123F0C753009BFA34 /* Document.swift */,
				FA2C806D23F0C753009BFA34 /* Element.swift */,
				FA2C806E23F0C753009BFA34 /* Error.swift */,
				FA2C807023F0C753009BFA34 /* Options.swift */,
				FA2C806F23F0C753009BFA34 /* Parser.swift */,
			);
			path = XMLParser;
			sourceTree = "<group>";
		};
		FABC70F523EE308E007E3DB0 /* Managers */ = {
			isa = PBXGroup;
			children = (
				FABC70F623EE309C007E3DB0 /* MediaManager.swift */,
			);
			path = Managers;
			sourceTree = "<group>";
		};
		FAD50B0E23ED266C00C304F2 /* Models */ = {
			isa = PBXGroup;
			children = (
				FAD50B0F23ED268600C304F2 /* Line.swift */,
				FAB808A423EFEA6700977FD8 /* PencilData.swift */,
				FAB808A623EFEC9C00977FD8 /* PhotoBoothFile.swift */,
			);
			path = Models;
			sourceTree = "<group>";
		};
/* End PBXGroup section */

/* Begin PBXNativeTarget section */
		FA2D448723EB81E000CCD009 /* photobooth */ = {
			isa = PBXNativeTarget;
			buildConfigurationList = FA2D44A323EB81E000CCD009 /* Build configuration list for PBXNativeTarget "photobooth" */;
			buildPhases = (
				FA2D448423EB81E000CCD009 /* Sources */,
				FA2D448523EB81E000CCD009 /* Frameworks */,
				FA2D448623EB81E000CCD009 /* Resources */,
			);
			buildRules = (
			);
			dependencies = (
			);
			name = photobooth;
			productName = photobooth;
			productReference = FA2D448823EB81E000CCD009 /* photobooth.app */;
			productType = "com.apple.product-type.application";
		};
		FA2D449923EB81E000CCD009 /* photoboothTests */ = {
			isa = PBXNativeTarget;
			buildConfigurationList = FA2D44A623EB81E000CCD009 /* Build configuration list for PBXNativeTarget "photoboothTests" */;
			buildPhases = (
				FA2D449623EB81E000CCD009 /* Sources */,
				FA2D449723EB81E000CCD009 /* Frameworks */,
				FA2D449823EB81E000CCD009 /* Resources */,
			);
			buildRules = (
			);
			dependencies = (
				FA2D449C23EB81E000CCD009 /* PBXTargetDependency */,
			);
			name = photoboothTests;
			productName = photoboothTests;
			productReference = FA2D449A23EB81E000CCD009 /* photoboothTests.xctest */;
			productType = "com.apple.product-type.bundle.unit-test";
		};
/* End PBXNativeTarget section */

/* Begin PBXProject section */
		FA2D448023EB81E000CCD009 /* Project object */ = {
			isa = PBXProject;
			attributes = {
				LastSwiftUpdateCheck = 1130;
				LastUpgradeCheck = 1130;
				ORGANIZATIONNAME = manuelbulos;
				TargetAttributes = {
					FA2D448723EB81E000CCD009 = {
						CreatedOnToolsVersion = 11.3.1;
						LastSwiftMigration = 1130;
					};
					FA2D449923EB81E000CCD009 = {
						CreatedOnToolsVersion = 11.3.1;
						LastSwiftMigration = 1130;
						TestTargetID = FA2D448723EB81E000CCD009;
					};
				};
			};
			buildConfigurationList = FA2D448323EB81E000CCD009 /* Build configuration list for PBXProject "photobooth" */;
			compatibilityVersion = "Xcode 9.3";
			developmentRegion = en;
			hasScannedForEncodings = 0;
			knownRegions = (
				en,
				Base,
			);
			mainGroup = FA2D447F23EB81E000CCD009;
			productRefGroup = FA2D448923EB81E000CCD009 /* Products */;
			projectDirPath = "";
			projectRoot = "";
			targets = (
				FA2D448723EB81E000CCD009 /* photobooth */,
				FA2D449923EB81E000CCD009 /* photoboothTests */,
			);
		};
/* End PBXProject section */

/* Begin PBXResourcesBuildPhase section */
		FA2D448623EB81E000CCD009 /* Resources */ = {
			isa = PBXResourcesBuildPhase;
			buildActionMask = 2147483647;
			files = (
				FA2D449023EB81E000CCD009 /* Assets.xcassets in Resources */,
				FA2D449323EB81E000CCD009 /* Main.storyboard in Resources */,
				FAB808A923F0952200977FD8 /* fileIcon.png in Resources */,
			);
			runOnlyForDeploymentPostprocessing = 0;
		};
		FA2D449823EB81E000CCD009 /* Resources */ = {
			isa = PBXResourcesBuildPhase;
			buildActionMask = 2147483647;
			files = (
			);
			runOnlyForDeploymentPostprocessing = 0;
		};
/* End PBXResourcesBuildPhase section */

/* Begin PBXSourcesBuildPhase section */
		FA2D448423EB81E000CCD009 /* Sources */ = {
			isa = PBXSourcesBuildPhase;
			buildActionMask = 2147483647;
			files = (
				FA2D44BC23EBC8AF00CCD009 /* MainViewController.swift in Sources */,
				FAB808A523EFEA6700977FD8 /* PencilData.swift in Sources */,
				FA2C807223F0C753009BFA34 /* Element.swift in Sources */,
				FAD50B0D23ED186B00C304F2 /* Canvas.swift in Sources */,
				FA2C807623F0C753009BFA34 /* Document.swift in Sources */,
				FA2D44AF23EB823300CCD009 /* ImageEditorView.swift in Sources */,
				FA2C807A23F0E387009BFA34 /* String.swift in Sources */,
				FA2D44B123EB823300CCD009 /* CameraToolBar.swift in Sources */,
				FA2D44B323EB823300CCD009 /* CameraPreview.swift in Sources */,
				FA2D44AD23EB823300CCD009 /* NSImage.swift in Sources */,
				FA2D448C23EB81E000CCD009 /* AppDelegate.swift in Sources */,
				FAD50B1223ED688700C304F2 /* NSEvent.swift in Sources */,
				FAB808A723EFEC9C00977FD8 /* PhotoBoothFile.swift in Sources */,
				FA00293623EDF561001194E3 /* NSColorPanel.swift in Sources */,
				FA2C807423F0C753009BFA34 /* Parser.swift in Sources */,
				FA2C807523F0C753009BFA34 /* Options.swift in Sources */,
				FA2C80A823F11541009BFA34 /* Notification.swift in Sources */,
				FA2D44C023EBC91400CCD009 /* MainViewController+CameraToolBarDelegate.swift in Sources */,
				FA2C807823F0D269009BFA34 /* NSColor.swift in Sources */,
				FA2D44BE23EBC8D500CCD009 /* MainViewController+CameraPreviewDelegate.swift in Sources */,
				FAD50B1023ED268600C304F2 /* Line.swift in Sources */,
				FABC70F723EE309C007E3DB0 /* MediaManager.swift in Sources */,
				FAB808A123EFB12200977FD8 /* Data.swift in Sources */,
				FA2D44B623EBB61900CCD009 /* NSAlert.swift in Sources */,
				FA2C807323F0C753009BFA34 /* Error.swift in Sources */,
			);
			runOnlyForDeploymentPostprocessing = 0;
		};
		FA2D449623EB81E000CCD009 /* Sources */ = {
			isa = PBXSourcesBuildPhase;
			buildActionMask = 2147483647;
			files = (
				FA2D44B423EB823300CCD009 /* CameraPreview.swift in Sources */,
				FA2D44AE23EB823300CCD009 /* NSImage.swift in Sources */,
				FA2D44B723EBB61900CCD009 /* NSAlert.swift in Sources */,
				FA2D44B023EB823300CCD009 /* ImageEditorView.swift in Sources */,
				FA2D44B223EB823300CCD009 /* CameraToolBar.swift in Sources */,
				FA2D449F23EB81E000CCD009 /* photoboothTests.swift in Sources */,
			);
			runOnlyForDeploymentPostprocessing = 0;
		};
/* End PBXSourcesBuildPhase section */

/* Begin PBXTargetDependency section */
		FA2D449C23EB81E000CCD009 /* PBXTargetDependency */ = {
			isa = PBXTargetDependency;
			target = FA2D448723EB81E000CCD009 /* photobooth */;
			targetProxy = FA2D449B23EB81E000CCD009 /* PBXContainerItemProxy */;
		};
/* End PBXTargetDependency section */

/* Begin PBXVariantGroup section */
		FA2D449123EB81E000CCD009 /* Main.storyboard */ = {
			isa = PBXVariantGroup;
			children = (
				FA2D449223EB81E000CCD009 /* Base */,
			);
			name = Main.storyboard;
			sourceTree = "<group>";
		};
/* End PBXVariantGroup section */

/* Begin XCBuildConfiguration section */
		FA2D44A123EB81E000CCD009 /* Debug */ = {
			isa = XCBuildConfiguration;
			buildSettings = {
				ALWAYS_SEARCH_USER_PATHS = NO;
				CLANG_ANALYZER_NONNULL = YES;
				CLANG_ANALYZER_NUMBER_OBJECT_CONVERSION = YES_AGGRESSIVE;
				CLANG_CXX_LANGUAGE_STANDARD = "gnu++14";
				CLANG_CXX_LIBRARY = "libc++";
				CLANG_ENABLE_MODULES = YES;
				CLANG_ENABLE_OBJC_ARC = YES;
				CLANG_ENABLE_OBJC_WEAK = YES;
				CLANG_WARN_BLOCK_CAPTURE_AUTORELEASING = YES;
				CLANG_WARN_BOOL_CONVERSION = YES;
				CLANG_WARN_COMMA = YES;
				CLANG_WARN_CONSTANT_CONVERSION = YES;
				CLANG_WARN_DEPRECATED_OBJC_IMPLEMENTATIONS = YES;
				CLANG_WARN_DIRECT_OBJC_ISA_USAGE = YES_ERROR;
				CLANG_WARN_DOCUMENTATION_COMMENTS = YES;
				CLANG_WARN_EMPTY_BODY = YES;
				CLANG_WARN_ENUM_CONVERSION = YES;
				CLANG_WARN_INFINITE_RECURSION = YES;
				CLANG_WARN_INT_CONVERSION = YES;
				CLANG_WARN_NON_LITERAL_NULL_CONVERSION = YES;
				CLANG_WARN_OBJC_IMPLICIT_RETAIN_SELF = YES;
				CLANG_WARN_OBJC_LITERAL_CONVERSION = YES;
				CLANG_WARN_OBJC_ROOT_CLASS = YES_ERROR;
				CLANG_WARN_RANGE_LOOP_ANALYSIS = YES;
				CLANG_WARN_STRICT_PROTOTYPES = YES;
				CLANG_WARN_SUSPICIOUS_MOVE = YES;
				CLANG_WARN_UNGUARDED_AVAILABILITY = YES_AGGRESSIVE;
				CLANG_WARN_UNREACHABLE_CODE = YES;
				CLANG_WARN__DUPLICATE_METHOD_MATCH = YES;
				COPY_PHASE_STRIP = NO;
				DEBUG_INFORMATION_FORMAT = dwarf;
				ENABLE_STRICT_OBJC_MSGSEND = YES;
				ENABLE_TESTABILITY = YES;
				GCC_C_LANGUAGE_STANDARD = gnu11;
				GCC_DYNAMIC_NO_PIC = NO;
				GCC_NO_COMMON_BLOCKS = YES;
				GCC_OPTIMIZATION_LEVEL = 0;
				GCC_PREPROCESSOR_DEFINITIONS = (
					"DEBUG=1",
					"$(inherited)",
				);
				GCC_WARN_64_TO_32_BIT_CONVERSION = YES;
				GCC_WARN_ABOUT_RETURN_TYPE = YES_ERROR;
				GCC_WARN_UNDECLARED_SELECTOR = YES;
				GCC_WARN_UNINITIALIZED_AUTOS = YES_AGGRESSIVE;
				GCC_WARN_UNUSED_FUNCTION = YES;
				GCC_WARN_UNUSED_VARIABLE = YES;
				MACOSX_DEPLOYMENT_TARGET = 10.14;
				MTL_ENABLE_DEBUG_INFO = INCLUDE_SOURCE;
				MTL_FAST_MATH = YES;
				ONLY_ACTIVE_ARCH = YES;
				SDKROOT = macosx;
				SWIFT_ACTIVE_COMPILATION_CONDITIONS = DEBUG;
				SWIFT_OPTIMIZATION_LEVEL = "-Onone";
			};
			name = Debug;
		};
		FA2D44A223EB81E000CCD009 /* Release */ = {
			isa = XCBuildConfiguration;
			buildSettings = {
				ALWAYS_SEARCH_USER_PATHS = NO;
				CLANG_ANALYZER_NONNULL = YES;
				CLANG_ANALYZER_NUMBER_OBJECT_CONVERSION = YES_AGGRESSIVE;
				CLANG_CXX_LANGUAGE_STANDARD = "gnu++14";
				CLANG_CXX_LIBRARY = "libc++";
				CLANG_ENABLE_MODULES = YES;
				CLANG_ENABLE_OBJC_ARC = YES;
				CLANG_ENABLE_OBJC_WEAK = YES;
				CLANG_WARN_BLOCK_CAPTURE_AUTORELEASING = YES;
				CLANG_WARN_BOOL_CONVERSION = YES;
				CLANG_WARN_COMMA = YES;
				CLANG_WARN_CONSTANT_CONVERSION = YES;
				CLANG_WARN_DEPRECATED_OBJC_IMPLEMENTATIONS = YES;
				CLANG_WARN_DIRECT_OBJC_ISA_USAGE = YES_ERROR;
				CLANG_WARN_DOCUMENTATION_COMMENTS = YES;
				CLANG_WARN_EMPTY_BODY = YES;
				CLANG_WARN_ENUM_CONVERSION = YES;
				CLANG_WARN_INFINITE_RECURSION = YES;
				CLANG_WARN_INT_CONVERSION = YES;
				CLANG_WARN_NON_LITERAL_NULL_CONVERSION = YES;
				CLANG_WARN_OBJC_IMPLICIT_RETAIN_SELF = YES;
				CLANG_WARN_OBJC_LITERAL_CONVERSION = YES;
				CLANG_WARN_OBJC_ROOT_CLASS = YES_ERROR;
				CLANG_WARN_RANGE_LOOP_ANALYSIS = YES;
				CLANG_WARN_STRICT_PROTOTYPES = YES;
				CLANG_WARN_SUSPICIOUS_MOVE = YES;
				CLANG_WARN_UNGUARDED_AVAILABILITY = YES_AGGRESSIVE;
				CLANG_WARN_UNREACHABLE_CODE = YES;
				CLANG_WARN__DUPLICATE_METHOD_MATCH = YES;
				COPY_PHASE_STRIP = NO;
				DEBUG_INFORMATION_FORMAT = "dwarf-with-dsym";
				ENABLE_NS_ASSERTIONS = NO;
				ENABLE_STRICT_OBJC_MSGSEND = YES;
				GCC_C_LANGUAGE_STANDARD = gnu11;
				GCC_NO_COMMON_BLOCKS = YES;
				GCC_WARN_64_TO_32_BIT_CONVERSION = YES;
				GCC_WARN_ABOUT_RETURN_TYPE = YES_ERROR;
				GCC_WARN_UNDECLARED_SELECTOR = YES;
				GCC_WARN_UNINITIALIZED_AUTOS = YES_AGGRESSIVE;
				GCC_WARN_UNUSED_FUNCTION = YES;
				GCC_WARN_UNUSED_VARIABLE = YES;
				MACOSX_DEPLOYMENT_TARGET = 10.14;
				MTL_ENABLE_DEBUG_INFO = NO;
				MTL_FAST_MATH = YES;
				SDKROOT = macosx;
				SWIFT_COMPILATION_MODE = wholemodule;
				SWIFT_OPTIMIZATION_LEVEL = "-O";
			};
			name = Release;
		};
		FA2D44A423EB81E000CCD009 /* Debug */ = {
			isa = XCBuildConfiguration;
			buildSettings = {
				ASSETCATALOG_COMPILER_APPICON_NAME = AppIcon;
				CLANG_ENABLE_MODULES = YES;
				CODE_SIGN_ENTITLEMENTS = photobooth/photobooth.entitlements;
				CODE_SIGN_STYLE = Automatic;
				COMBINE_HIDPI_IMAGES = YES;
				DEVELOPMENT_TEAM = K9X4WQFDTP;
				ENABLE_HARDENED_RUNTIME = NO;
				INFOPLIST_FILE = photobooth/Info.plist;
				LD_RUNPATH_SEARCH_PATHS = (
					"$(inherited)",
					"@executable_path/../Frameworks",
				);
				PRODUCT_BUNDLE_IDENTIFIER = com.manuelbulos.photobooth;
				PRODUCT_NAME = "$(TARGET_NAME)";
				SWIFT_OBJC_BRIDGING_HEADER = "";
				SWIFT_OPTIMIZATION_LEVEL = "-Onone";
				SWIFT_VERSION = 5.0;
			};
			name = Debug;
		};
		FA2D44A523EB81E000CCD009 /* Release */ = {
			isa = XCBuildConfiguration;
			buildSettings = {
				ASSETCATALOG_COMPILER_APPICON_NAME = AppIcon;
				CLANG_ENABLE_MODULES = YES;
				CODE_SIGN_ENTITLEMENTS = photobooth/photobooth.entitlements;
				CODE_SIGN_STYLE = Automatic;
				COMBINE_HIDPI_IMAGES = YES;
				DEVELOPMENT_TEAM = K9X4WQFDTP;
				ENABLE_HARDENED_RUNTIME = NO;
				INFOPLIST_FILE = photobooth/Info.plist;
				LD_RUNPATH_SEARCH_PATHS = (
					"$(inherited)",
					"@executable_path/../Frameworks",
				);
				PRODUCT_BUNDLE_IDENTIFIER = com.manuelbulos.photobooth;
				PRODUCT_NAME = "$(TARGET_NAME)";
				SWIFT_OBJC_BRIDGING_HEADER = "";
				SWIFT_VERSION = 5.0;
			};
			name = Release;
		};
		FA2D44A723EB81E000CCD009 /* Debug */ = {
			isa = XCBuildConfiguration;
			buildSettings = {
				ALWAYS_EMBED_SWIFT_STANDARD_LIBRARIES = YES;
				BUNDLE_LOADER = "$(TEST_HOST)";
				CLANG_ENABLE_MODULES = YES;
				CODE_SIGN_STYLE = Automatic;
				COMBINE_HIDPI_IMAGES = YES;
				DEVELOPMENT_TEAM = K9X4WQFDTP;
				INFOPLIST_FILE = photoboothTests/Info.plist;
				LD_RUNPATH_SEARCH_PATHS = (
					"$(inherited)",
					"@executable_path/../Frameworks",
					"@loader_path/../Frameworks",
				);
				MACOSX_DEPLOYMENT_TARGET = 10.14;
				PRODUCT_BUNDLE_IDENTIFIER = com.manuelbulos.photoboothTests;
				PRODUCT_NAME = "$(TARGET_NAME)";
				SWIFT_OBJC_BRIDGING_HEADER = "photobooth/Managers/photoboothTests-Bridging-Header.h";
				SWIFT_OPTIMIZATION_LEVEL = "-Onone";
				SWIFT_VERSION = 5.0;
				TEST_HOST = "$(BUILT_PRODUCTS_DIR)/photobooth.app/Contents/MacOS/photobooth";
			};
			name = Debug;
		};
		FA2D44A823EB81E000CCD009 /* Release */ = {
			isa = XCBuildConfiguration;
			buildSettings = {
				ALWAYS_EMBED_SWIFT_STANDARD_LIBRARIES = YES;
				BUNDLE_LOADER = "$(TEST_HOST)";
				CLANG_ENABLE_MODULES = YES;
				CODE_SIGN_STYLE = Automatic;
				COMBINE_HIDPI_IMAGES = YES;
				DEVELOPMENT_TEAM = K9X4WQFDTP;
				INFOPLIST_FILE = photoboothTests/Info.plist;
				LD_RUNPATH_SEARCH_PATHS = (
					"$(inherited)",
					"@executable_path/../Frameworks",
					"@loader_path/../Frameworks",
				);
				MACOSX_DEPLOYMENT_TARGET = 10.14;
				PRODUCT_BUNDLE_IDENTIFIER = com.manuelbulos.photoboothTests;
				PRODUCT_NAME = "$(TARGET_NAME)";
				SWIFT_OBJC_BRIDGING_HEADER = "photobooth/Managers/photoboothTests-Bridging-Header.h";
				SWIFT_VERSION = 5.0;
				TEST_HOST = "$(BUILT_PRODUCTS_DIR)/photobooth.app/Contents/MacOS/photobooth";
			};
			name = Release;
		};
/* End XCBuildConfiguration section */

/* Begin XCConfigurationList section */
		FA2D448323EB81E000CCD009 /* Build configuration list for PBXProject "photobooth" */ = {
			isa = XCConfigurationList;
			buildConfigurations = (
				FA2D44A123EB81E000CCD009 /* Debug */,
				FA2D44A223EB81E000CCD009 /* Release */,
			);
			defaultConfigurationIsVisible = 0;
			defaultConfigurationName = Release;
		};
		FA2D44A323EB81E000CCD009 /* Build configuration list for PBXNativeTarget "photobooth" */ = {
			isa = XCConfigurationList;
			buildConfigurations = (
				FA2D44A423EB81E000CCD009 /* Debug */,
				FA2D44A523EB81E000CCD009 /* Release */,
			);
			defaultConfigurationIsVisible = 0;
			defaultConfigurationName = Release;
		};
		FA2D44A623EB81E000CCD009 /* Build configuration list for PBXNativeTarget "photoboothTests" */ = {
			isa = XCConfigurationList;
			buildConfigurations = (
				FA2D44A723EB81E000CCD009 /* Debug */,
				FA2D44A823EB81E000CCD009 /* Release */,
			);
			defaultConfigurationIsVisible = 0;
			defaultConfigurationName = Release;
		};
/* End XCConfigurationList section */
	};
	rootObject = FA2D448023EB81E000CCD009 /* Project object */;
}
